<?xml version="1.0" encoding="utf-8"?>
<Project ToolsVersion="4.0" xmlns="http://schemas.microsoft.com/developer/msbuild/2003">
  <ItemGroup>
    <Filter Include="include">
      <UniqueIdentifier>{36e5a11d-3dd8-4b76-ad38-12c9cabc79b3}</UniqueIdentifier>
    </Filter>
  </ItemGroup>
  <ItemGroup>
    <ClCompile Include="..\..\StepperCuda\NewtonCuda.cpp" />
    <ClCompile Include="..\..\StepperCuda\NewtonCudaHier.cpp" />
  </ItemGroup>
  <ItemGroup>
    <ClInclude Include="..\..\StepperCuda\include\NewtonCuda.hpp">
      <Filter>include</Filter>
    </ClInclude>
    <ClInclude Include="..\..\StepperCuda\include\LinSolveCusp.hpp">
      <Filter>include</Filter>
    </ClInclude>
    <ClInclude Include="..\..\StepperCuda\include\NewtonCudaHier.hpp">
      <Filter>include</Filter>
    </ClInclude>
    <ClInclude Include="..\..\StepperCuda\include\CGCuda.h">
      <Filter>include</Filter>
    </ClInclude>
    <ClInclude Include="..\..\StepperCuda\include\float3x3.h">
      <Filter>include</Filter>
    </ClInclude>
    <ClInclude Include="..\..\StepperCuda\include\float3x3_helper.h">
      <Filter>include</Filter>
    </ClInclude>
    <ClInclude Include="..\..\StepperCuda\include\helper_math.h">
      <Filter>include</Filter>
    </ClInclude>
    <ClInclude Include="..\..\StepperCuda\include\HexEle.h">
      <Filter>include</Filter>
    </ClInclude>
    <ClInclude Include="..\..\StepperCuda\include\NeoHookean.h">
      <Filter>include</Filter>
    </ClInclude>
    <ClInclude Include="..\..\StepperCuda\include\cuPrintf.cuh">
      <Filter>include</Filter>
    </ClInclude>
    <ClInclude Include="..\..\StepperCuda\include\ADMM.h">
      <Filter>include</Filter>
    </ClInclude>
  </ItemGroup>
  <ItemGroup>
    <CudaCompile Include="..\..\StepperCuda\LinSolveCusp.cu" />
    <CudaCompile Include="..\..\StepperCuda\HexEle.cu" />
    <CudaCompile Include="..\..\StepperCuda\ADMM.cu" />
  </ItemGroup>
</Project>