<?xml version="1.0" encoding="utf-8"?>
<Project ToolsVersion="4.0" xmlns="http://schemas.microsoft.com/developer/msbuild/2003">
  <ItemGroup>
    <Filter Include="include">
      <UniqueIdentifier>{efee31da-19b7-4863-a1c7-c7a59352203f}</UniqueIdentifier>
    </Filter>
    <Filter Include="src">
      <UniqueIdentifier>{166bd493-93bc-43af-aea5-a0a09dcd604a}</UniqueIdentifier>
    </Filter>
  </ItemGroup>
  <ItemGroup>
    <CudaCompile Include="..\..\StepperCuda\conjugateGradient.cu">
      <Filter>src</Filter>
    </CudaCompile>
  </ItemGroup>
  <ItemGroup>
    <ClInclude Include="..\..\StepperCuda\include\helper_cuda.h">
      <Filter>include</Filter>
    </ClInclude>
    <ClInclude Include="..\..\StepperCuda\include\ConjugateGradientCuda.hpp">
      <Filter>include</Filter>
    </ClInclude>
    <ClInclude Include="..\..\StepperCuda\include\NewtonCuda.hpp">
      <Filter>include</Filter>
    </ClInclude>
  </ItemGroup>
  <ItemGroup>
    <ClCompile Include="..\..\StepperCuda\NewtonCuda.cpp">
      <Filter>src</Filter>
    </ClCompile>
  </ItemGroup>
</Project>