
Microsoft Visual Studio Solution File, Format Version 12.00
# Visual Studio 2013
VisualStudioVersion = 12.0.30723.0
MinimumVisualStudioVersion = 10.0.40219.1
Project("{8BC9CEB8-8B4A-11D0-8D11-00A0C91BC942}") = "femlib", "femlib.vcxproj", "{39DFF430-E911-4FD1-A4ED-D6E678FED79D}"
EndProject
Project("{8BC9CEB8-8B4A-11D0-8D11-00A0C91BC942}") = "vecmath", "..\vecmath\vecmath.vcxproj", "{B6841E53-3C7F-4AA1-A07E-D196591E5AD9}"
EndProject
Project("{8BC9CEB8-8B4A-11D0-8D11-00A0C91BC942}") = "viewer", "..\viewer\viewer.vcxproj", "{7C8D00D9-6461-41D7-AF88-F4A9428B0FDA}"
EndProject
Project("{8BC9CEB8-8B4A-11D0-8D11-00A0C91BC942}") = "StepperCPU", "..\StepperCPU\StepperCPU.vcxproj", "{04525BFA-B9BE-4342-8B71-E9B14782D568}"
EndProject
Project("{8BC9CEB8-8B4A-11D0-8D11-00A0C91BC942}") = "StepperCuda", "..\StepperCuda\StepperCuda.vcxproj", "{96BDE26C-96D9-4FA3-974D-1776E4CCA20C}"
EndProject
Project("{8BC9CEB8-8B4A-11D0-8D11-00A0C91BC942}") = "runtime", "..\runtime\runtime.vcxproj", "{E5F48944-566C-4F1A-95A4-43224A273EAF}"
	ProjectSection(ProjectDependencies) = postProject
		{39DFF430-E911-4FD1-A4ED-D6E678FED79D} = {39DFF430-E911-4FD1-A4ED-D6E678FED79D}
		{B6841E53-3C7F-4AA1-A07E-D196591E5AD9} = {B6841E53-3C7F-4AA1-A07E-D196591E5AD9}
		{7C8D00D9-6461-41D7-AF88-F4A9428B0FDA} = {7C8D00D9-6461-41D7-AF88-F4A9428B0FDA}
		{04525BFA-B9BE-4342-8B71-E9B14782D568} = {04525BFA-B9BE-4342-8B71-E9B14782D568}
	EndProjectSection
EndProject
Global
	GlobalSection(SolutionConfigurationPlatforms) = preSolution
		Debug|Win32 = Debug|Win32
		Debug|x64 = Debug|x64
		Release|Win32 = Release|Win32
		Release|x64 = Release|x64
	EndGlobalSection
	GlobalSection(ProjectConfigurationPlatforms) = postSolution
		{39DFF430-E911-4FD1-A4ED-D6E678FED79D}.Debug|Win32.ActiveCfg = Debug|Win32
		{39DFF430-E911-4FD1-A4ED-D6E678FED79D}.Debug|Win32.Build.0 = Debug|Win32
		{39DFF430-E911-4FD1-A4ED-D6E678FED79D}.Debug|x64.ActiveCfg = Debug|x64
		{39DFF430-E911-4FD1-A4ED-D6E678FED79D}.Debug|x64.Build.0 = Debug|x64
		{39DFF430-E911-4FD1-A4ED-D6E678FED79D}.Release|Win32.ActiveCfg = Release|Win32
		{39DFF430-E911-4FD1-A4ED-D6E678FED79D}.Release|Win32.Build.0 = Release|Win32
		{39DFF430-E911-4FD1-A4ED-D6E678FED79D}.Release|x64.ActiveCfg = Release|x64
		{39DFF430-E911-4FD1-A4ED-D6E678FED79D}.Release|x64.Build.0 = Release|x64
		{B6841E53-3C7F-4AA1-A07E-D196591E5AD9}.Debug|Win32.ActiveCfg = Debug|Win32
		{B6841E53-3C7F-4AA1-A07E-D196591E5AD9}.Debug|Win32.Build.0 = Debug|Win32
		{B6841E53-3C7F-4AA1-A07E-D196591E5AD9}.Debug|x64.ActiveCfg = Debug|x64
		{B6841E53-3C7F-4AA1-A07E-D196591E5AD9}.Debug|x64.Build.0 = Debug|x64
		{B6841E53-3C7F-4AA1-A07E-D196591E5AD9}.Release|Win32.ActiveCfg = Release|Win32
		{B6841E53-3C7F-4AA1-A07E-D196591E5AD9}.Release|Win32.Build.0 = Release|Win32
		{B6841E53-3C7F-4AA1-A07E-D196591E5AD9}.Release|x64.ActiveCfg = Release|x64
		{B6841E53-3C7F-4AA1-A07E-D196591E5AD9}.Release|x64.Build.0 = Release|x64
		{7C8D00D9-6461-41D7-AF88-F4A9428B0FDA}.Debug|Win32.ActiveCfg = Debug|Win32
		{7C8D00D9-6461-41D7-AF88-F4A9428B0FDA}.Debug|Win32.Build.0 = Debug|Win32
		{7C8D00D9-6461-41D7-AF88-F4A9428B0FDA}.Debug|x64.ActiveCfg = Debug|x64
		{7C8D00D9-6461-41D7-AF88-F4A9428B0FDA}.Debug|x64.Build.0 = Debug|x64
		{7C8D00D9-6461-41D7-AF88-F4A9428B0FDA}.Release|Win32.ActiveCfg = Release|Win32
		{7C8D00D9-6461-41D7-AF88-F4A9428B0FDA}.Release|Win32.Build.0 = Release|Win32
		{7C8D00D9-6461-41D7-AF88-F4A9428B0FDA}.Release|x64.ActiveCfg = Release|x64
		{7C8D00D9-6461-41D7-AF88-F4A9428B0FDA}.Release|x64.Build.0 = Release|x64
		{04525BFA-B9BE-4342-8B71-E9B14782D568}.Debug|Win32.ActiveCfg = Debug|Win32
		{04525BFA-B9BE-4342-8B71-E9B14782D568}.Debug|Win32.Build.0 = Debug|Win32
		{04525BFA-B9BE-4342-8B71-E9B14782D568}.Debug|x64.ActiveCfg = Debug|x64
		{04525BFA-B9BE-4342-8B71-E9B14782D568}.Debug|x64.Build.0 = Debug|x64
		{04525BFA-B9BE-4342-8B71-E9B14782D568}.Release|Win32.ActiveCfg = Release|Win32
		{04525BFA-B9BE-4342-8B71-E9B14782D568}.Release|Win32.Build.0 = Release|Win32
		{04525BFA-B9BE-4342-8B71-E9B14782D568}.Release|x64.ActiveCfg = Release|x64
		{04525BFA-B9BE-4342-8B71-E9B14782D568}.Release|x64.Build.0 = Release|x64
		{96BDE26C-96D9-4FA3-974D-1776E4CCA20C}.Debug|Win32.ActiveCfg = Debug|Win32
		{96BDE26C-96D9-4FA3-974D-1776E4CCA20C}.Debug|Win32.Build.0 = Debug|Win32
		{96BDE26C-96D9-4FA3-974D-1776E4CCA20C}.Debug|x64.ActiveCfg = Debug|x64
		{96BDE26C-96D9-4FA3-974D-1776E4CCA20C}.Debug|x64.Build.0 = Debug|x64
		{96BDE26C-96D9-4FA3-974D-1776E4CCA20C}.Release|Win32.ActiveCfg = Release|Win32
		{96BDE26C-96D9-4FA3-974D-1776E4CCA20C}.Release|Win32.Build.0 = Release|Win32
		{96BDE26C-96D9-4FA3-974D-1776E4CCA20C}.Release|x64.ActiveCfg = Release|x64
		{96BDE26C-96D9-4FA3-974D-1776E4CCA20C}.Release|x64.Build.0 = Release|x64
		{E5F48944-566C-4F1A-95A4-43224A273EAF}.Debug|Win32.ActiveCfg = Debug|Win32
		{E5F48944-566C-4F1A-95A4-43224A273EAF}.Debug|Win32.Build.0 = Debug|Win32
		{E5F48944-566C-4F1A-95A4-43224A273EAF}.Debug|x64.ActiveCfg = Debug|x64
		{E5F48944-566C-4F1A-95A4-43224A273EAF}.Debug|x64.Build.0 = Debug|x64
		{E5F48944-566C-4F1A-95A4-43224A273EAF}.Release|Win32.ActiveCfg = Release|Win32
		{E5F48944-566C-4F1A-95A4-43224A273EAF}.Release|Win32.Build.0 = Release|Win32
		{E5F48944-566C-4F1A-95A4-43224A273EAF}.Release|x64.ActiveCfg = Release|x64
		{E5F48944-566C-4F1A-95A4-43224A273EAF}.Release|x64.Build.0 = Release|x64
	EndGlobalSection
	GlobalSection(SolutionProperties) = preSolution
		HideSolutionNode = FALSE
	EndGlobalSection
EndGlobal
